
Microsoft Visual Studio Solution File, Format Version 12.00
# Visual Studio Version 17
VisualStudioVersion = 17.6.33815.320
MinimumVisualStudioVersion = 10.0.40219.1
Project("{FAE04EC0-301F-11D3-BF4B-00C04F79EFBC}") = "brf-fnc-complex-work", "brf-fnc-complex-work.csproj", "{1EABDF9A-654B-422C-91D0-1AB75C2FDF1B}"
EndProject
Project("{FAE04EC0-301F-11D3-BF4B-00C04F79EFBC}") = "brf-fnc-http-trigger", "..\brf-fnc-http-trigger\brf-fnc-http-trigger.csproj", "{4EFC72E7-A5FB-43A6-9E6E-945B86CF2AB2}"
EndProject
Global
	GlobalSection(SolutionConfigurationPlatforms) = preSolution
		Debug|Any CPU = Debug|Any CPU
		Release|Any CPU = Release|Any CPU
	EndGlobalSection
	GlobalSection(ProjectConfigurationPlatforms) = postSolution
		{1EABDF9A-654B-422C-91D0-1AB75C2FDF1B}.Debug|Any CPU.ActiveCfg = Debug|Any CPU
		{1EABDF9A-654B-422C-91D0-1AB75C2FDF1B}.Debug|Any CPU.Build.0 = Debug|Any CPU
		{1EABDF9A-654B-422C-91D0-1AB75C2FDF1B}.Release|Any CPU.ActiveCfg = Release|Any CPU
		{1EABDF9A-654B-422C-91D0-1AB75C2FDF1B}.Release|Any CPU.Build.0 = Release|Any CPU
		{4EFC72E7-A5FB-43A6-9E6E-945B86CF2AB2}.Debug|Any CPU.ActiveCfg = Debug|Any CPU
		{4EFC72E7-A5FB-43A6-9E6E-945B86CF2AB2}.Debug|Any CPU.Build.0 = Debug|Any CPU
		{4EFC72E7-A5FB-43A6-9E6E-945B86CF2AB2}.Release|Any CPU.ActiveCfg = Release|Any CPU
		{4EFC72E7-A5FB-43A6-9E6E-945B86CF2AB2}.Release|Any CPU.Build.0 = Release|Any CPU
	EndGlobalSection
	GlobalSection(SolutionProperties) = preSolution
		HideSolutionNode = FALSE
	EndGlobalSection
	GlobalSection(ExtensibilityGlobals) = postSolution
		SolutionGuid = {38E1E237-6098-4568-8394-0FBE8ADFFC33}
	EndGlobalSection
EndGlobal
