
Microsoft Visual Studio Solution File, Format Version 12.00
# Visual Studio Version 17
VisualStudioVersion = 17.5.33627.172
MinimumVisualStudioVersion = 10.0.40219.1
Project("{9A19103F-16F7-4668-BE54-9A1E7A4F7556}") = "WebApiMvc.Model", "..\src\WebApiMvc.Model\WebApiMvc.Model.csproj", "{0641E97C-53F9-4840-B879-D6AED49B3E46}"
EndProject
Project("{2150E333-8FDC-42A3-9474-1A3956D46DE8}") = "0 - Entities", "0 - Entities", "{BC07526C-F430-4AEE-84CC-68E37DC8C6D9}"
EndProject
Project("{9A19103F-16F7-4668-BE54-9A1E7A4F7556}") = "WebApiMvc.Model.Tests", "..\tests\WebApiMvc.Model.Tests\WebApiMvc.Model.Tests.csproj", "{3ABDCD3A-0F4E-45EF-8223-374C9734C8E3}"
EndProject
Project("{2150E333-8FDC-42A3-9474-1A3956D46DE8}") = "10 - Repository", "10 - Repository", "{A5701397-3076-43DE-BA4A-0C9269E27150}"
EndProject
Project("{9A19103F-16F7-4668-BE54-9A1E7A4F7556}") = "WebApiMvc.Repository", "..\src\WebApiMvc.Repository\WebApiMvc.Repository.csproj", "{C06820B0-563A-4DA6-B2D6-D0A45A339BA6}"
EndProject
Project("{2150E333-8FDC-42A3-9474-1A3956D46DE8}") = "20 - CrossCuting", "20 - CrossCuting", "{5E1750BC-7433-4D94-8387-0EC72B0F6325}"
EndProject
Project("{2150E333-8FDC-42A3-9474-1A3956D46DE8}") = "30 - Services", "30 - Services", "{E1128D23-6D63-4169-B117-E7C803A0DD90}"
EndProject
Project("{9A19103F-16F7-4668-BE54-9A1E7A4F7556}") = "WebApiMvc.CrossCuting", "..\src\WebApiMvc.CrossCuting\WebApiMvc.CrossCuting.csproj", "{C75E33FB-284D-4962-B235-5686A8FD6891}"
EndProject
Project("{9A19103F-16F7-4668-BE54-9A1E7A4F7556}") = "WebApiMvc.Services", "..\src\WebApiMvc.Services\WebApiMvc.Services.csproj", "{AE9B5ACB-AB89-4881-B2E8-AAFA1FB9D1A9}"
EndProject
Project("{2150E333-8FDC-42A3-9474-1A3956D46DE8}") = "40 - API", "40 - API", "{8373D25F-B5E8-4F3D-B214-74C0560FBFD5}"
EndProject
Project("{FAE04EC0-301F-11D3-BF4B-00C04F79EFBC}") = "WebApiMvc.Api", "..\src\WebApiMvc.Api\WebApiMvc.Api.csproj", "{8AC54CD3-08D6-40BD-B5EC-D5102D7C511D}"
EndProject
Global
	GlobalSection(SolutionConfigurationPlatforms) = preSolution
		Debug|Any CPU = Debug|Any CPU
		Release|Any CPU = Release|Any CPU
	EndGlobalSection
	GlobalSection(ProjectConfigurationPlatforms) = postSolution
		{0641E97C-53F9-4840-B879-D6AED49B3E46}.Debug|Any CPU.ActiveCfg = Debug|Any CPU
		{0641E97C-53F9-4840-B879-D6AED49B3E46}.Debug|Any CPU.Build.0 = Debug|Any CPU
		{0641E97C-53F9-4840-B879-D6AED49B3E46}.Release|Any CPU.ActiveCfg = Release|Any CPU
		{0641E97C-53F9-4840-B879-D6AED49B3E46}.Release|Any CPU.Build.0 = Release|Any CPU
		{3ABDCD3A-0F4E-45EF-8223-374C9734C8E3}.Debug|Any CPU.ActiveCfg = Debug|Any CPU
		{3ABDCD3A-0F4E-45EF-8223-374C9734C8E3}.Debug|Any CPU.Build.0 = Debug|Any CPU
		{3ABDCD3A-0F4E-45EF-8223-374C9734C8E3}.Release|Any CPU.ActiveCfg = Release|Any CPU
		{3ABDCD3A-0F4E-45EF-8223-374C9734C8E3}.Release|Any CPU.Build.0 = Release|Any CPU
		{C06820B0-563A-4DA6-B2D6-D0A45A339BA6}.Debug|Any CPU.ActiveCfg = Debug|Any CPU
		{C06820B0-563A-4DA6-B2D6-D0A45A339BA6}.Debug|Any CPU.Build.0 = Debug|Any CPU
		{C06820B0-563A-4DA6-B2D6-D0A45A339BA6}.Release|Any CPU.ActiveCfg = Release|Any CPU
		{C06820B0-563A-4DA6-B2D6-D0A45A339BA6}.Release|Any CPU.Build.0 = Release|Any CPU
		{C75E33FB-284D-4962-B235-5686A8FD6891}.Debug|Any CPU.ActiveCfg = Debug|Any CPU
		{C75E33FB-284D-4962-B235-5686A8FD6891}.Debug|Any CPU.Build.0 = Debug|Any CPU
		{C75E33FB-284D-4962-B235-5686A8FD6891}.Release|Any CPU.ActiveCfg = Release|Any CPU
		{C75E33FB-284D-4962-B235-5686A8FD6891}.Release|Any CPU.Build.0 = Release|Any CPU
		{AE9B5ACB-AB89-4881-B2E8-AAFA1FB9D1A9}.Debug|Any CPU.ActiveCfg = Debug|Any CPU
		{AE9B5ACB-AB89-4881-B2E8-AAFA1FB9D1A9}.Debug|Any CPU.Build.0 = Debug|Any CPU
		{AE9B5ACB-AB89-4881-B2E8-AAFA1FB9D1A9}.Release|Any CPU.ActiveCfg = Release|Any CPU
		{AE9B5ACB-AB89-4881-B2E8-AAFA1FB9D1A9}.Release|Any CPU.Build.0 = Release|Any CPU
		{8AC54CD3-08D6-40BD-B5EC-D5102D7C511D}.Debug|Any CPU.ActiveCfg = Debug|Any CPU
		{8AC54CD3-08D6-40BD-B5EC-D5102D7C511D}.Debug|Any CPU.Build.0 = Debug|Any CPU
		{8AC54CD3-08D6-40BD-B5EC-D5102D7C511D}.Release|Any CPU.ActiveCfg = Release|Any CPU
		{8AC54CD3-08D6-40BD-B5EC-D5102D7C511D}.Release|Any CPU.Build.0 = Release|Any CPU
	EndGlobalSection
	GlobalSection(SolutionProperties) = preSolution
		HideSolutionNode = FALSE
	EndGlobalSection
	GlobalSection(NestedProjects) = preSolution
		{0641E97C-53F9-4840-B879-D6AED49B3E46} = {BC07526C-F430-4AEE-84CC-68E37DC8C6D9}
		{3ABDCD3A-0F4E-45EF-8223-374C9734C8E3} = {BC07526C-F430-4AEE-84CC-68E37DC8C6D9}
		{C06820B0-563A-4DA6-B2D6-D0A45A339BA6} = {A5701397-3076-43DE-BA4A-0C9269E27150}
		{C75E33FB-284D-4962-B235-5686A8FD6891} = {5E1750BC-7433-4D94-8387-0EC72B0F6325}
		{AE9B5ACB-AB89-4881-B2E8-AAFA1FB9D1A9} = {E1128D23-6D63-4169-B117-E7C803A0DD90}
		{8AC54CD3-08D6-40BD-B5EC-D5102D7C511D} = {8373D25F-B5E8-4F3D-B214-74C0560FBFD5}
	EndGlobalSection
	GlobalSection(ExtensibilityGlobals) = postSolution
		SolutionGuid = {5FC28B8F-20B5-4617-918D-6B93E6F97A98}
	EndGlobalSection
EndGlobal
